
Microsoft Visual Studio Solution File, Format Version 12.00
# Visual Studio Version 17
VisualStudioVersion = 17.4.33213.308
MinimumVisualStudioVersion = 10.0.40219.1
Project("{FAE04EC0-301F-11D3-BF4B-00C04F79EFBC}") = "SwitchWinForms", "SwitchWinForms\SwitchWinForms.csproj", "{7C49620C-5F61-4A4E-A6CA-166B18E4DAA6}"
EndProject
Project("{FAE04EC0-301F-11D3-BF4B-00C04F79EFBC}") = "Demo", "Demo\Demo.csproj", "{B8318FEF-8FC2-44CF-A490-F4AFB70745E8}"
EndProject
Global
	GlobalSection(SolutionConfigurationPlatforms) = preSolution
		Debug|Any CPU = Debug|Any CPU
		Release|Any CPU = Release|Any CPU
	EndGlobalSection
	GlobalSection(ProjectConfigurationPlatforms) = postSolution
		{7C49620C-5F61-4A4E-A6CA-166B18E4DAA6}.Debug|Any CPU.ActiveCfg = Debug|Any CPU
		{7C49620C-5F61-4A4E-A6CA-166B18E4DAA6}.Debug|Any CPU.Build.0 = Debug|Any CPU
		{7C49620C-5F61-4A4E-A6CA-166B18E4DAA6}.Release|Any CPU.ActiveCfg = Release|Any CPU
		{7C49620C-5F61-4A4E-A6CA-166B18E4DAA6}.Release|Any CPU.Build.0 = Release|Any CPU
		{B8318FEF-8FC2-44CF-A490-F4AFB70745E8}.Debug|Any CPU.ActiveCfg = Debug|Any CPU
		{B8318FEF-8FC2-44CF-A490-F4AFB70745E8}.Debug|Any CPU.Build.0 = Debug|Any CPU
		{B8318FEF-8FC2-44CF-A490-F4AFB70745E8}.Release|Any CPU.ActiveCfg = Release|Any CPU
		{B8318FEF-8FC2-44CF-A490-F4AFB70745E8}.Release|Any CPU.Build.0 = Release|Any CPU
	EndGlobalSection
	GlobalSection(SolutionProperties) = preSolution
		HideSolutionNode = FALSE
	EndGlobalSection
	GlobalSection(ExtensibilityGlobals) = postSolution
		SolutionGuid = {DEBD63DC-842D-4950-8765-4C5C196429CF}
	EndGlobalSection
EndGlobal
